{
  "name": "server",
  "version": "0.1.0",
  "lockfileVersion": 3,
  "requires": true,
  "packages": {
    "": {
      "name": "server",
      "version": "0.1.0",
      "dependencies": {
        "@payloadcms/db-mongodb": "3.0.0-beta.111",
        "@payloadcms/db-postgres": "3.0.0-beta.111",
        "@payloadcms/next": "3.0.0-beta.111",
        "@payloadcms/richtext-lexical": "3.0.0-beta.111",
        "@payloadcms/richtext-slate": "3.0.0-beta.111",
        "@payloadcms/ui": "3.0.0-beta.111",
        "babel-plugin-react-compiler": "0.0.0-experimental-48eb8f4-20240822",
        "cross-env": "^7.0.3",
        "graphql": "^16.8.2",
        "jsonwebtoken": "^9.0.2",
        "next": "15.0.0-canary.173",
        "next-auth": "^5.0.0-beta.22",
        "payload": "3.0.0-beta.111",
        "payload-authjs": "^0.3.1",
        "react": "19.0.0-rc-06d0b89e-20240801",
        "react-dom": "19.0.0-rc-06d0b89e-20240801",
        "sharp": "0.32.6"
      },
      "devDependencies": {
        "@payloadcms/graphql": "3.0.0-beta.111",
        "@types/jsonwebtoken": "^9.0.7",
        "@types/node": "^20.14.9",
        "@types/react": "npm:types-react@19.0.0-rc.0",
        "@types/react-dom": "npm:types-react-dom@19.0.0-rc.0",
        "eslint": "^8.57.0",
        "eslint-config-next": "15.0.0-canary.104",
        "typescript": "5.5.4"
      },
      "engines": {
        "node": ">=20.9.0"
      }
    },
    "../../node_modules/.pnpm/@payloadcms+db-mongodb@3.0.0-beta.111_@aws-sdk+client-sso-oidc@3.668.0_@aws-sdk+client-sts@3._zekaslfgu7y55tod6nxlkxjfpq/node_modules/@payloadcms/db-mongodb": {
      "version": "3.0.0-beta.111",
      "license": "MIT",
      "dependencies": {
        "bson-objectid": "2.0.4",
        "http-status": "1.6.2",
        "mongoose": "6.12.3",
        "mongoose-aggregate-paginate-v2": "1.0.6",
        "mongoose-paginate-v2": "1.7.22",
        "prompts": "2.4.2",
        "uuid": "10.0.0"
      },
      "devDependencies": {
        "@payloadcms/eslint-config": "3.0.0-beta.97",
        "@types/mongoose-aggregate-paginate-v2": "1.0.6",
        "mongodb": "4.17.1",
        "mongodb-memory-server": "^9",
        "payload": "3.0.0-beta.111"
      },
      "peerDependencies": {
        "payload": "3.0.0-beta.111"
      }
    },
    "../../node_modules/.pnpm/@payloadcms+db-postgres@3.0.0-beta.111_@libsql+client@0.3.6_@opentelemetry+api@1.9.0_@prisma+_5gim6c2joyoqp4a7nwa7xntkx4/node_modules/@payloadcms/db-postgres": {
      "version": "3.0.0-beta.111",
      "license": "MIT",
      "dependencies": {
        "@payloadcms/drizzle": "3.0.0-beta.111",
        "@types/pg": "8.10.2",
        "console-table-printer": "2.11.2",
        "drizzle-kit": "0.23.2-df9e596",
        "drizzle-orm": "0.32.1",
        "pg": "8.11.3",
        "prompts": "2.4.2",
        "to-snake-case": "1.0.0",
        "uuid": "10.0.0"
      },
      "devDependencies": {
        "@hyrious/esbuild-plugin-commonjs": "^0.2.4",
        "@payloadcms/eslint-config": "3.0.0-beta.97",
        "@types/to-snake-case": "1.0.0",
        "esbuild": "0.23.1",
        "payload": "3.0.0-beta.111"
      },
      "peerDependencies": {
        "payload": "3.0.0-beta.111"
      }
    },
    "../../node_modules/.pnpm/@payloadcms+graphql@3.0.0-beta.111_graphql@16.9.0_payload@3.0.0-beta.111_graphql@16.9.0_monac_4rwfsr7tphsk6kig6vvtjilpyi/node_modules/@payloadcms/graphql": {
      "version": "3.0.0-beta.111",
      "dev": true,
      "dependencies": {
        "graphql-scalars": "1.22.2",
        "pluralize": "8.0.0",
        "ts-essentials": "10.0.2",
        "tsx": "4.19.1"
      },
      "bin": {
        "payload-graphql": "bin.js"
      },
      "devDependencies": {
        "@payloadcms/eslint-config": "3.0.0-beta.97",
        "@types/pluralize": "^0.0.33",
        "graphql-http": "^1.22.0",
        "payload": "3.0.0-beta.111"
      },
      "peerDependencies": {
        "graphql": "^16.8.1",
        "payload": "3.0.0-beta.111"
      }
    },
    "../../node_modules/.pnpm/@payloadcms+next@3.0.0-beta.111_graphql@16.9.0_monaco-editor@0.38.0_next@15.0.0-canary.173_@o_qymezkjl2caufl7il7c5hy3soi/node_modules/@payloadcms/next": {
      "version": "3.0.0-beta.111",
      "dependencies": {
        "@dnd-kit/core": "6.0.8",
        "@payloadcms/graphql": "3.0.0-beta.111",
        "@payloadcms/translations": "3.0.0-beta.111",
        "@payloadcms/ui": "3.0.0-beta.111",
        "busboy": "^1.6.0",
        "file-type": "19.3.0",
        "graphql-http": "^1.22.0",
        "graphql-playground-html": "1.6.30",
        "http-status": "1.6.2",
        "path-to-regexp": "^6.2.1",
        "qs-esm": "7.0.2",
        "react-diff-viewer-continued": "3.2.6",
        "sass": "1.77.4",
        "sonner": "^1.5.0",
        "uuid": "10.0.0",
        "ws": "^8.16.0"
      },
      "devDependencies": {
        "@babel/cli": "^7.24.5",
        "@babel/core": "^7.24.5",
        "@babel/preset-env": "^7.24.5",
        "@babel/preset-react": "^7.24.1",
        "@babel/preset-typescript": "^7.24.1",
        "@next/eslint-plugin-next": "15.0.0-canary.173",
        "@payloadcms/eslint-config": "3.0.0-beta.97",
        "@types/busboy": "1.5.4",
        "@types/react": "npm:types-react@19.0.0-rc.1",
        "@types/react-dom": "npm:types-react-dom@19.0.0-rc.1",
        "@types/uuid": "10.0.0",
        "@types/ws": "^8.5.10",
        "babel-plugin-react-compiler": "0.0.0-experimental-24ec0eb-20240918",
        "esbuild": "0.23.1",
        "esbuild-sass-plugin": "3.3.1",
        "eslint-plugin-react-compiler": "0.0.0-experimental-7670337-20240918",
        "payload": "3.0.0-beta.111",
        "swc-plugin-transform-remove-imports": "1.15.0"
      },
      "engines": {
        "node": "^18.20.2 || >=20.9.0"
      },
      "peerDependencies": {
        "graphql": "^16.8.1",
        "next": "^15.0.0-canary.173",
        "payload": "3.0.0-beta.111"
      }
    },
    "../../node_modules/.pnpm/@payloadcms+richtext-lexical@3.0.0-beta.111_c6ty6mwum2q2hexycdlkaq5wii/node_modules/@payloadcms/richtext-lexical": {
      "version": "3.0.0-beta.111",
      "license": "MIT",
      "dependencies": {
        "@lexical/headless": "0.18.0",
        "@lexical/link": "0.18.0",
        "@lexical/list": "0.18.0",
        "@lexical/mark": "0.18.0",
        "@lexical/markdown": "0.18.0",
        "@lexical/react": "0.18.0",
        "@lexical/rich-text": "0.18.0",
        "@lexical/selection": "0.18.0",
        "@lexical/utils": "0.18.0",
        "@payloadcms/translations": "3.0.0-beta.111",
        "@payloadcms/ui": "3.0.0-beta.111",
        "@types/uuid": "10.0.0",
        "bson-objectid": "2.0.4",
        "dequal": "2.0.3",
        "escape-html": "1.0.3",
        "lexical": "0.18.0",
        "react-error-boundary": "4.0.13",
        "uuid": "10.0.0"
      },
      "devDependencies": {
        "@babel/cli": "^7.24.5",
        "@babel/core": "^7.24.5",
        "@babel/preset-env": "^7.24.5",
        "@babel/preset-react": "^7.24.1",
        "@babel/preset-typescript": "^7.24.1",
        "@lexical/eslint-plugin": "0.18.0",
        "@payloadcms/eslint-config": "3.0.0-beta.97",
        "@types/escape-html": "1.0.4",
        "@types/json-schema": "7.0.15",
        "@types/node": "22.5.4",
        "@types/react": "npm:types-react@19.0.0-rc.1",
        "@types/react-dom": "npm:types-react-dom@19.0.0-rc.1",
        "babel-plugin-react-compiler": "0.0.0-experimental-48eb8f4-20240822",
        "babel-plugin-transform-remove-imports": "^1.8.0",
        "esbuild": "0.23.1",
        "esbuild-sass-plugin": "3.3.1",
        "eslint-plugin-react-compiler": "0.0.0-experimental-7670337-20240918",
        "payload": "3.0.0-beta.111",
        "swc-plugin-transform-remove-imports": "1.15.0"
      },
      "engines": {
        "node": "^18.20.2 || >=20.9.0"
      },
      "peerDependencies": {
        "@faceless-ui/modal": "3.0.0-beta.2",
        "@faceless-ui/scroll-info": "2.0.0-beta.0",
        "@lexical/headless": "0.18.0",
        "@lexical/link": "0.18.0",
        "@lexical/list": "0.18.0",
        "@lexical/mark": "0.18.0",
        "@lexical/markdown": "0.18.0",
        "@lexical/react": "0.18.0",
        "@lexical/rich-text": "0.18.0",
        "@lexical/selection": "0.18.0",
        "@lexical/table": "0.18.0",
        "@lexical/utils": "0.18.0",
        "@payloadcms/next": "3.0.0-beta.111",
        "lexical": "0.18.0",
        "payload": "3.0.0-beta.111",
        "react": "^19.0.0 || ^19.0.0-rc-3edc000d-20240926",
        "react-dom": "^19.0.0 || ^19.0.0-rc-3edc000d-20240926"
      }
    },
    "../../node_modules/.pnpm/@payloadcms+richtext-slate@3.0.0-beta.111_monaco-editor@0.38.0_next@15.0.0-canary.173_@opente_ho53ra5xtyq7n4dswpnw2mhchm/node_modules/@payloadcms/richtext-slate": {
      "version": "3.0.0-beta.111",
      "license": "MIT",
      "dependencies": {
        "@payloadcms/translations": "3.0.0-beta.111",
        "@payloadcms/ui": "3.0.0-beta.111",
        "is-hotkey": "0.2.0",
        "slate": "0.91.4",
        "slate-history": "0.86.0",
        "slate-hyperscript": "0.81.3",
        "slate-react": "0.92.0"
      },
      "devDependencies": {
        "@payloadcms/eslint-config": "3.0.0-beta.97",
        "@types/is-hotkey": "^0.1.10",
        "@types/node": "22.5.4",
        "@types/react": "npm:types-react@19.0.0-rc.1",
        "@types/react-dom": "npm:types-react-dom@19.0.0-rc.1",
        "payload": "3.0.0-beta.111"
      },
      "engines": {
        "node": "^18.20.2 || >=20.9.0"
      },
      "peerDependencies": {
        "payload": "3.0.0-beta.111",
        "react": "^19.0.0 || ^19.0.0-rc-3edc000d-20240926"
      }
    },
    "../../node_modules/.pnpm/@payloadcms+ui@3.0.0-beta.111_monaco-editor@0.38.0_next@15.0.0-canary.173_@opentelemetry+api@_fbufdde46pwiggyiwxchlzevdu/node_modules/@payloadcms/ui": {
      "version": "3.0.0-beta.111",
      "dependencies": {
        "@dnd-kit/core": "6.0.8",
        "@dnd-kit/sortable": "7.0.2",
        "@faceless-ui/modal": "3.0.0-beta.2",
        "@faceless-ui/scroll-info": "2.0.0-beta.0",
        "@faceless-ui/window-info": "3.0.0-beta.0",
        "@monaco-editor/react": "4.6.0",
        "@payloadcms/translations": "3.0.0-beta.111",
        "body-scroll-lock": "4.0.0-beta.0",
        "bson-objectid": "2.0.4",
        "date-fns": "3.3.1",
        "dequal": "2.0.3",
        "md5": "2.3.0",
        "object-to-formdata": "4.5.1",
        "qs-esm": "7.0.2",
        "react-animate-height": "2.1.2",
        "react-datepicker": "6.9.0",
        "react-image-crop": "10.1.8",
        "react-select": "5.8.0",
        "scheduler": "0.0.0-experimental-3edc000d-20240926",
        "sonner": "^1.5.0",
        "ts-essentials": "10.0.2",
        "use-context-selector": "2.0.0",
        "uuid": "10.0.0"
      },
      "devDependencies": {
        "@babel/cli": "^7.24.5",
        "@babel/core": "^7.24.5",
        "@babel/preset-env": "^7.24.5",
        "@babel/preset-react": "^7.24.1",
        "@babel/preset-typescript": "^7.24.1",
        "@hyrious/esbuild-plugin-commonjs": "^0.2.4",
        "@payloadcms/eslint-config": "3.0.0-beta.97",
        "@types/body-scroll-lock": "^3.1.0",
        "@types/react": "npm:types-react@19.0.0-rc.1",
        "@types/react-datepicker": "6.2.0",
        "@types/react-dom": "npm:types-react-dom@19.0.0-rc.1",
        "@types/uuid": "10.0.0",
        "babel-plugin-react-compiler": "0.0.0-experimental-24ec0eb-20240918",
        "esbuild": "0.23.1",
        "esbuild-sass-plugin": "3.3.1",
        "eslint-plugin-react-compiler": "0.0.0-experimental-7670337-20240918",
        "payload": "3.0.0-beta.111"
      },
      "engines": {
        "node": "^18.20.2 || >=20.9.0"
      },
      "peerDependencies": {
        "next": "^15.0.0-canary.173",
        "payload": "3.0.0-beta.111",
        "react": "^19.0.0 || ^19.0.0-rc-3edc000d-20240926",
        "react-dom": "^19.0.0 || ^19.0.0-rc-3edc000d-20240926"
      }
    },
    "../../node_modules/.pnpm/@types+node@20.16.11/node_modules/@types/node": {
      "version": "20.16.11",
      "dev": true,
      "license": "MIT",
      "dependencies": {
        "undici-types": "~6.19.2"
      }
    },
    "../../node_modules/.pnpm/babel-plugin-react-compiler@0.0.0-experimental-48eb8f4-20240822/node_modules/babel-plugin-react-compiler": {
      "version": "0.0.0-experimental-48eb8f4-20240822",
      "license": "MIT",
      "dependencies": {
        "@babel/generator": "7.2.0",
        "@babel/types": "^7.19.0",
        "chalk": "4",
        "invariant": "^2.2.4",
        "pretty-format": "^24",
        "zod": "^3.22.4",
        "zod-validation-error": "^2.1.0"
      },
      "devDependencies": {
        "@babel/core": "^7.2.0",
        "@babel/parser": "^7.2.0",
        "@babel/plugin-syntax-typescript": "^7.18.6",
        "@babel/plugin-transform-block-scoping": "^7.18.9",
        "@babel/plugin-transform-modules-commonjs": "^7.18.6",
        "@babel/preset-react": "^7.18.6",
        "@babel/preset-typescript": "^7.18.6",
        "@babel/traverse": "^7.2.0",
        "@testing-library/react": "^13.4.0",
        "@tsconfig/node18-strictest": "^1.0.0",
        "@types/glob": "^8.1.0",
        "@types/invariant": "^2.2.35",
        "@types/jest": "^29.0.3",
        "@types/node": "^18.7.18",
        "@typescript-eslint/eslint-plugin": "^7.4.0",
        "@typescript-eslint/parser": "^7.4.0",
        "babel-jest": "^29.0.3",
        "babel-plugin-fbt": "^1.0.0",
        "babel-plugin-fbt-runtime": "^1.0.0",
        "eslint": "8.27.0",
        "glob": "^7.1.6",
        "jest": "^29.0.3",
        "jest-environment-jsdom": "^29.0.3",
        "react": "19.0.0-beta-b498834eab-20240506",
        "react-dom": "19.0.0-beta-b498834eab-20240506",
        "rimraf": "^3.0.2",
        "ts-jest": "^29.1.1",
        "ts-node": "^10.9.2"
      }
    },
    "../../node_modules/.pnpm/cross-env@7.0.3/node_modules/cross-env": {
      "version": "7.0.3",
      "license": "MIT",
      "dependencies": {
        "cross-spawn": "^7.0.1"
      },
      "bin": {
        "cross-env": "src/bin/cross-env.js",
        "cross-env-shell": "src/bin/cross-env-shell.js"
      },
      "devDependencies": {
        "kcd-scripts": "^5.5.0"
      },
      "engines": {
        "node": ">=10.14",
        "npm": ">=6",
        "yarn": ">=1"
      }
    },
    "../../node_modules/.pnpm/eslint-config-next@15.0.0-canary.104_eslint@8.57.1_typescript@5.5.4/node_modules/eslint-config-next": {
      "version": "15.0.0-canary.104",
      "dev": true,
      "license": "MIT",
      "dependencies": {
        "@next/eslint-plugin-next": "15.0.0-canary.104",
        "@rushstack/eslint-patch": "^1.3.3",
        "@typescript-eslint/eslint-plugin": "^5.4.2 || ^6.0.0 || ^7.0.0",
        "@typescript-eslint/parser": "^5.4.2 || ^6.0.0 || ^7.0.0",
        "eslint-import-resolver-node": "^0.3.6",
        "eslint-import-resolver-typescript": "^3.5.2",
        "eslint-plugin-import": "^2.28.1",
        "eslint-plugin-jsx-a11y": "^6.7.1",
        "eslint-plugin-react": "^7.33.2",
        "eslint-plugin-react-hooks": "^4.5.0 || 5.0.0-canary-7118f5dd7-20230705"
      },
      "peerDependencies": {
        "eslint": "^7.23.0 || ^8.0.0",
        "typescript": ">=3.3.1"
      },
      "peerDependenciesMeta": {
        "typescript": {
          "optional": true
        }
      }
    },
    "../../node_modules/.pnpm/eslint@8.57.1/node_modules/eslint": {
      "version": "8.57.1",
      "dev": true,
      "license": "MIT",
      "dependencies": {
        "@eslint-community/eslint-utils": "^4.2.0",
        "@eslint-community/regexpp": "^4.6.1",
        "@eslint/eslintrc": "^2.1.4",
        "@eslint/js": "8.57.1",
        "@humanwhocodes/config-array": "^0.13.0",
        "@humanwhocodes/module-importer": "^1.0.1",
        "@nodelib/fs.walk": "^1.2.8",
        "@ungap/structured-clone": "^1.2.0",
        "ajv": "^6.12.4",
        "chalk": "^4.0.0",
        "cross-spawn": "^7.0.2",
        "debug": "^4.3.2",
        "doctrine": "^3.0.0",
        "escape-string-regexp": "^4.0.0",
        "eslint-scope": "^7.2.2",
        "eslint-visitor-keys": "^3.4.3",
        "espree": "^9.6.1",
        "esquery": "^1.4.2",
        "esutils": "^2.0.2",
        "fast-deep-equal": "^3.1.3",
        "file-entry-cache": "^6.0.1",
        "find-up": "^5.0.0",
        "glob-parent": "^6.0.2",
        "globals": "^13.19.0",
        "graphemer": "^1.4.0",
        "ignore": "^5.2.0",
        "imurmurhash": "^0.1.4",
        "is-glob": "^4.0.0",
        "is-path-inside": "^3.0.3",
        "js-yaml": "^4.1.0",
        "json-stable-stringify-without-jsonify": "^1.0.1",
        "levn": "^0.4.1",
        "lodash.merge": "^4.6.2",
        "minimatch": "^3.1.2",
        "natural-compare": "^1.4.0",
        "optionator": "^0.9.3",
        "strip-ansi": "^6.0.1",
        "text-table": "^0.2.0"
      },
      "bin": {
        "eslint": "bin/eslint.js"
      },
      "devDependencies": {
        "@babel/core": "^7.4.3",
        "@babel/preset-env": "^7.4.3",
        "@sinonjs/fake-timers": "11.2.2",
        "@wdio/browser-runner": "^8.14.6",
        "@wdio/cli": "^8.14.6",
        "@wdio/concise-reporter": "^8.14.0",
        "@wdio/globals": "^8.14.6",
        "@wdio/mocha-framework": "^8.14.0",
        "babel-loader": "^8.0.5",
        "c8": "^7.12.0",
        "chai": "^4.0.1",
        "cheerio": "^0.22.0",
        "common-tags": "^1.8.0",
        "core-js": "^3.1.3",
        "ejs": "^3.0.2",
        "eslint": "file:.",
        "eslint-config-eslint": "file:packages/eslint-config-eslint",
        "eslint-plugin-eslint-comments": "^3.2.0",
        "eslint-plugin-eslint-plugin": "^5.2.1",
        "eslint-plugin-internal-rules": "file:tools/internal-rules",
        "eslint-plugin-jsdoc": "^46.2.5",
        "eslint-plugin-n": "^16.6.0",
        "eslint-plugin-unicorn": "^49.0.0",
        "eslint-release": "^3.3.0",
        "eslump": "^3.0.0",
        "esprima": "^4.0.1",
        "fast-glob": "^3.2.11",
        "fs-teardown": "^0.1.3",
        "glob": "^7.1.6",
        "got": "^11.8.3",
        "gray-matter": "^4.0.3",
        "lint-staged": "^11.0.0",
        "load-perf": "^0.2.0",
        "markdown-it": "^12.2.0",
        "markdown-it-container": "^3.0.0",
        "markdownlint": "^0.32.0",
        "markdownlint-cli": "^0.37.0",
        "marked": "^4.0.8",
        "memfs": "^3.0.1",
        "metascraper": "^5.25.7",
        "metascraper-description": "^5.25.7",
        "metascraper-image": "^5.29.3",
        "metascraper-logo": "^5.25.7",
        "metascraper-logo-favicon": "^5.25.7",
        "metascraper-title": "^5.25.7",
        "mocha": "^8.3.2",
        "mocha-junit-reporter": "^2.0.0",
        "node-polyfill-webpack-plugin": "^1.0.3",
        "npm-license": "^0.3.3",
        "pirates": "^4.0.5",
        "progress": "^2.0.3",
        "proxyquire": "^2.0.1",
        "recast": "^0.23.0",
        "regenerator-runtime": "^0.14.0",
        "rollup-plugin-node-polyfills": "^0.2.1",
        "semver": "^7.5.3",
        "shelljs": "^0.8.2",
        "sinon": "^11.0.0",
        "vite-plugin-commonjs": "0.10.1",
        "webdriverio": "^8.14.6",
        "webpack": "^5.23.0",
        "webpack-cli": "^4.5.0",
        "yorkie": "^2.0.0"
      },
      "engines": {
        "node": "^12.22.0 || ^14.17.0 || >=16.0.0"
      },
      "funding": {
        "url": "https://opencollective.com/eslint"
      }
    },
    "../../node_modules/.pnpm/graphql@16.9.0/node_modules/graphql": {
      "version": "16.9.0",
      "license": "MIT",
      "engines": {
        "node": "^12.22.0 || ^14.16.0 || ^16.0.0 || >=17.0.0"
      }
    },
    "../../node_modules/.pnpm/jsonwebtoken@9.0.2/node_modules/jsonwebtoken": {
      "version": "9.0.2",
      "license": "MIT",
      "dependencies": {
        "jws": "^3.2.2",
        "lodash.includes": "^4.3.0",
        "lodash.isboolean": "^3.0.3",
        "lodash.isinteger": "^4.0.4",
        "lodash.isnumber": "^3.0.3",
        "lodash.isplainobject": "^4.0.6",
        "lodash.isstring": "^4.0.1",
        "lodash.once": "^4.0.0",
        "ms": "^2.1.1",
        "semver": "^7.5.4"
      },
      "devDependencies": {
        "atob": "^2.1.2",
        "chai": "^4.1.2",
        "conventional-changelog": "~1.1.0",
        "cost-of-modules": "^1.0.1",
        "eslint": "^4.19.1",
        "mocha": "^5.2.0",
        "nsp": "^2.6.2",
        "nyc": "^11.9.0",
        "sinon": "^6.0.0"
      },
      "engines": {
        "node": ">=12",
        "npm": ">=6"
      }
    },
    "../../node_modules/.pnpm/next-auth@5.0.0-beta.22_next@15.0.0-canary.173_@opentelemetry+api@1.9.0_@playwright+test@1.48_qmttvlqxfiioagt4ucrmpulqwe/node_modules/next-auth": {
      "version": "5.0.0-beta.22",
      "license": "ISC",
      "dependencies": {
        "@auth/core": "0.35.3"
      },
      "devDependencies": {
        "@types/react": "18.0.37",
        "dotenv": "^10.0.0",
        "next": "14.2.10",
        "nodemailer": "^6.9.3",
        "react": "^18.2.0"
      },
      "peerDependencies": {
        "@simplewebauthn/browser": "^9.0.1",
        "@simplewebauthn/server": "^9.0.2",
        "next": "^14.0.0-0 || ^15.0.0-0",
        "nodemailer": "^6.6.5",
        "react": "^18.2.0 || ^19.0.0-0"
      },
      "peerDependenciesMeta": {
        "@simplewebauthn/browser": {
          "optional": true
        },
        "@simplewebauthn/server": {
          "optional": true
        },
        "nodemailer": {
          "optional": true
        }
      }
    },
    "../../node_modules/.pnpm/next@15.0.0-canary.173_@opentelemetry+api@1.9.0_@playwright+test@1.48.0_babel-plugin-react-co_bh422p4qvo6wfuo7teo3txhasu/node_modules/next": {
      "version": "15.0.0-canary.173",
      "license": "MIT",
      "dependencies": {
        "@next/env": "15.0.0-canary.173",
        "@swc/counter": "0.1.3",
        "@swc/helpers": "0.5.13",
        "busboy": "1.6.0",
        "caniuse-lite": "^1.0.30001579",
        "postcss": "8.4.31",
        "styled-jsx": "5.1.6"
      },
      "bin": {
        "next": "dist/bin/next"
      },
      "devDependencies": {
        "@ampproject/toolbox-optimizer": "2.8.3",
        "@babel/code-frame": "7.22.5",
        "@babel/core": "7.22.5",
        "@babel/eslint-parser": "7.22.5",
        "@babel/generator": "7.22.5",
        "@babel/plugin-proposal-class-properties": "7.18.6",
        "@babel/plugin-proposal-export-namespace-from": "7.18.9",
        "@babel/plugin-proposal-numeric-separator": "7.18.6",
        "@babel/plugin-proposal-object-rest-spread": "7.20.7",
        "@babel/plugin-syntax-bigint": "7.8.3",
        "@babel/plugin-syntax-dynamic-import": "7.8.3",
        "@babel/plugin-syntax-import-attributes": "7.22.5",
        "@babel/plugin-syntax-jsx": "7.22.5",
        "@babel/plugin-transform-modules-commonjs": "7.22.5",
        "@babel/plugin-transform-runtime": "7.22.5",
        "@babel/preset-env": "7.22.5",
        "@babel/preset-react": "7.22.5",
        "@babel/preset-typescript": "7.22.5",
        "@babel/runtime": "7.22.5",
        "@babel/traverse": "7.22.5",
        "@babel/types": "7.22.5",
        "@capsizecss/metrics": "3.2.0",
        "@edge-runtime/cookies": "5.0.0",
        "@edge-runtime/ponyfill": "3.0.0",
        "@edge-runtime/primitives": "5.0.0",
        "@hapi/accept": "5.0.2",
        "@jest/transform": "29.5.0",
        "@jest/types": "29.5.0",
        "@mswjs/interceptors": "0.23.0",
        "@napi-rs/triples": "1.2.0",
        "@next/font": "15.0.0-canary.173",
        "@next/polyfill-module": "15.0.0-canary.173",
        "@next/polyfill-nomodule": "15.0.0-canary.173",
        "@next/react-refresh-utils": "15.0.0-canary.173",
        "@next/swc": "15.0.0-canary.173",
        "@opentelemetry/api": "1.6.0",
        "@playwright/test": "1.41.2",
        "@swc/core": "1.7.0-nightly-20240714.1",
        "@swc/types": "0.1.7",
        "@taskr/clear": "1.1.0",
        "@taskr/esnext": "1.1.0",
        "@types/amphtml-validator": "1.0.0",
        "@types/babel__code-frame": "7.0.2",
        "@types/babel__core": "7.1.12",
        "@types/babel__generator": "7.6.2",
        "@types/babel__template": "7.4.0",
        "@types/babel__traverse": "7.11.0",
        "@types/bytes": "3.1.1",
        "@types/ci-info": "2.0.0",
        "@types/compression": "0.0.36",
        "@types/content-disposition": "0.5.4",
        "@types/content-type": "1.1.3",
        "@types/cookie": "0.3.3",
        "@types/cross-spawn": "6.0.0",
        "@types/debug": "4.1.5",
        "@types/express-serve-static-core": "4.17.33",
        "@types/fresh": "0.5.0",
        "@types/glob": "7.1.1",
        "@types/jsonwebtoken": "9.0.0",
        "@types/lodash": "4.14.198",
        "@types/lodash.curry": "4.1.6",
        "@types/lru-cache": "5.1.0",
        "@types/path-to-regexp": "1.7.0",
        "@types/picomatch": "2.3.3",
        "@types/platform": "1.3.4",
        "@types/react": "18.2.74",
        "@types/react-dom": "18.2.23",
        "@types/react-is": "18.2.4",
        "@types/semver": "7.3.1",
        "@types/send": "0.14.4",
        "@types/shell-quote": "1.7.1",
        "@types/tar": "6.1.5",
        "@types/text-table": "0.2.1",
        "@types/ua-parser-js": "0.7.36",
        "@types/webpack-sources1": "npm:@types/webpack-sources@0.1.5",
        "@types/ws": "8.2.0",
        "@vercel/ncc": "0.34.0",
        "@vercel/nft": "0.27.1",
        "@vercel/turbopack-ecmascript-runtime": "*",
        "acorn": "8.11.3",
        "amphtml-validator": "1.0.35",
        "anser": "1.4.9",
        "arg": "4.1.0",
        "assert": "2.0.0",
        "async-retry": "1.2.3",
        "async-sema": "3.0.0",
        "babel-plugin-transform-define": "2.0.0",
        "babel-plugin-transform-react-remove-prop-types": "0.4.24",
        "browserify-zlib": "0.2.0",
        "browserslist": "4.22.2",
        "buffer": "5.6.0",
        "bytes": "3.1.1",
        "ci-info": "watson/ci-info#f43f6a1cefff47fb361c88cf4b943fdbcaafe540",
        "cli-select": "1.1.2",
        "client-only": "0.0.1",
        "commander": "12.1.0",
        "comment-json": "3.0.3",
        "compression": "1.7.4",
        "conf": "5.0.0",
        "constants-browserify": "1.0.0",
        "content-disposition": "0.5.3",
        "content-type": "1.0.4",
        "cookie": "0.4.1",
        "cross-env": "6.0.3",
        "cross-spawn": "7.0.3",
        "crypto-browserify": "3.12.0",
        "css.escape": "1.5.1",
        "cssnano-preset-default": "5.2.14",
        "data-uri-to-buffer": "3.0.1",
        "debug": "4.1.1",
        "devalue": "2.0.1",
        "domain-browser": "4.19.0",
        "edge-runtime": "3.0.0",
        "events": "3.3.0",
        "find-up": "4.1.0",
        "fresh": "0.5.2",
        "glob": "7.1.7",
        "gzip-size": "5.1.1",
        "http-proxy": "1.18.1",
        "http-proxy-agent": "5.0.0",
        "https-browserify": "1.0.0",
        "https-proxy-agent": "5.0.1",
        "icss-utils": "5.1.0",
        "ignore-loader": "0.1.2",
        "image-size": "1.1.1",
        "is-docker": "2.0.0",
        "is-wsl": "2.2.0",
        "jest-worker": "27.5.1",
        "json5": "2.2.3",
        "jsonwebtoken": "9.0.0",
        "loader-runner": "4.3.0",
        "loader-utils2": "npm:loader-utils@2.0.0",
        "loader-utils3": "npm:loader-utils@3.1.3",
        "lodash.curry": "4.1.1",
        "lru-cache": "5.1.1",
        "mini-css-extract-plugin": "2.4.4",
        "msw": "2.3.0",
        "nanoid": "3.1.32",
        "native-url": "0.3.4",
        "neo-async": "2.6.1",
        "node-html-parser": "5.3.3",
        "ora": "4.0.4",
        "os-browserify": "0.3.0",
        "p-limit": "3.1.0",
        "p-queue": "6.6.2",
        "path-browserify": "1.0.1",
        "path-to-regexp": "6.1.0",
        "picomatch": "4.0.1",
        "platform": "1.3.6",
        "postcss-flexbugs-fixes": "5.0.2",
        "postcss-modules-extract-imports": "3.0.0",
        "postcss-modules-local-by-default": "4.0.4",
        "postcss-modules-scope": "3.0.0",
        "postcss-modules-values": "4.0.0",
        "postcss-preset-env": "7.4.3",
        "postcss-safe-parser": "6.0.0",
        "postcss-scss": "4.0.3",
        "postcss-value-parser": "4.2.0",
        "process": "0.11.10",
        "punycode": "2.1.1",
        "querystring-es3": "0.2.1",
        "raw-body": "2.4.1",
        "react-refresh": "0.12.0",
        "regenerator-runtime": "0.13.4",
        "sass-loader": "15.0.0",
        "schema-utils2": "npm:schema-utils@2.7.1",
        "schema-utils3": "npm:schema-utils@3.0.0",
        "semver": "7.3.2",
        "send": "0.17.1",
        "server-only": "0.0.1",
        "setimmediate": "1.0.5",
        "shell-quote": "1.7.3",
        "source-map": "0.6.1",
        "source-map-loader": "5.0.0",
        "source-map08": "npm:source-map@0.8.0-beta.0",
        "stacktrace-parser": "0.1.10",
        "stream-browserify": "3.0.0",
        "stream-http": "3.1.1",
        "strict-event-emitter": "0.5.0",
        "string_decoder": "1.3.0",
        "string-hash": "1.1.3",
        "strip-ansi": "6.0.0",
        "superstruct": "1.0.3",
        "tar": "6.1.15",
        "taskr": "1.1.0",
        "terser": "5.27.0",
        "terser-webpack-plugin": "5.3.9",
        "text-table": "0.2.0",
        "timers-browserify": "2.0.12",
        "tty-browserify": "0.0.1",
        "ua-parser-js": "1.0.35",
        "unistore": "3.4.1",
        "util": "0.12.4",
        "vm-browserify": "1.1.2",
        "watchpack": "2.4.0",
        "web-vitals": "4.2.1",
        "webpack": "5.90.0",
        "webpack-sources1": "npm:webpack-sources@1.4.3",
        "webpack-sources3": "npm:webpack-sources@3.2.3",
        "ws": "8.2.3",
        "zod": "3.22.3"
      },
      "engines": {
        "node": ">=18.18.0"
      },
      "optionalDependencies": {
        "@next/swc-darwin-arm64": "15.0.0-canary.173",
        "@next/swc-darwin-x64": "15.0.0-canary.173",
        "@next/swc-linux-arm64-gnu": "15.0.0-canary.173",
        "@next/swc-linux-arm64-musl": "15.0.0-canary.173",
        "@next/swc-linux-x64-gnu": "15.0.0-canary.173",
        "@next/swc-linux-x64-musl": "15.0.0-canary.173",
        "@next/swc-win32-arm64-msvc": "15.0.0-canary.173",
        "@next/swc-win32-ia32-msvc": "15.0.0-canary.173",
        "@next/swc-win32-x64-msvc": "15.0.0-canary.173",
        "sharp": "^0.33.5"
      },
      "peerDependencies": {
        "@opentelemetry/api": "^1.1.0",
        "@playwright/test": "^1.41.2",
        "babel-plugin-react-compiler": "*",
        "react": "^18.2.0 || 19.0.0-rc-3edc000d-20240926",
        "react-dom": "^18.2.0 || 19.0.0-rc-3edc000d-20240926",
        "sass": "^1.3.0"
      },
      "peerDependenciesMeta": {
        "@opentelemetry/api": {
          "optional": true
        },
        "@playwright/test": {
          "optional": true
        },
        "babel-plugin-react-compiler": {
          "optional": true
        },
        "sass": {
          "optional": true
        }
      }
    },
    "../../node_modules/.pnpm/payload-authjs@0.3.1_5nxs62gwt6zznzhih3lxuxgrra/node_modules/payload-authjs": {
      "version": "0.3.1",
      "license": "MIT",
      "dependencies": {
        "@auth/core": "^0.34.2"
      },
      "devDependencies": {
        "@nx/eslint": "19.7.2",
        "@nx/jest": "19.7.2",
        "@nx/js": "19.7.2",
        "@nx/next": "19.7.2",
        "@payloadcms/db-postgres": "3.0.0-beta.111",
        "@payloadcms/eslint-config": "^1",
        "@payloadcms/next": "3.0.0-beta.111",
        "@payloadcms/ui": "3.0.0-beta.111",
        "@swc-node/register": "~1.10.9",
        "@swc/core": "~1.7.26",
        "@swc/helpers": "~0.5.13",
        "@swc/jest": "^0.2.36",
        "@types/jest": "^29.5.12",
        "@types/jsonwebtoken": "^9.0.6",
        "@types/react": "^18.3.5",
        "@typescript-eslint/eslint-plugin": "8.3.0",
        "@typescript-eslint/parser": "8.3.0",
        "cross-env": "^7.0.3",
        "dotenv": "^16.4.5",
        "eslint": "^8.19.0",
        "eslint-config-airbnb-base": "^14.2.1",
        "eslint-config-prettier": "^8.5.0",
        "eslint-plugin-import": "2.29.1",
        "eslint-plugin-prettier": "^5.2.1",
        "jest": "^29.7.0",
        "jsonwebtoken": "^9.0.2",
        "next": "^15.0.0-canary.173",
        "next-auth": "5.0.0-beta.22",
        "nodemailer": "^6.9.15",
        "nx": "19.7.2",
        "payload": "3.0.0-beta.111",
        "prettier": "^3.3.3",
        "react": "19.0.0-rc-3edc000d-20240926",
        "react-dom": "19.0.0-rc-3edc000d-20240926",
        "sharp": "^0.33.5",
        "typescript": "^5.6.2"
      },
      "peerDependencies": {
        "@payloadcms/next": "^3.0.0-beta.111",
        "@payloadcms/ui": "^3.0.0-beta.111",
        "next": "^15.0.0-canary.173",
        "next-auth": "^5.0.0-beta.22",
        "payload": "^3.0.0-beta.111"
      }
    },
    "../../node_modules/.pnpm/payload@3.0.0-beta.111_graphql@16.9.0_monaco-editor@0.38.0_react-dom@19.0.0-rc-06d0b89e-20240_kylxlztue7gmpa6euqfwqja7jy/node_modules/payload": {
      "version": "3.0.0-beta.111",
      "license": "MIT",
      "dependencies": {
        "@monaco-editor/react": "4.6.0",
        "@next/env": "^15.0.0-canary.173",
        "@payloadcms/translations": "3.0.0-beta.111",
        "@types/busboy": "1.5.4",
        "ajv": "8.17.1",
        "bson-objectid": "2.0.4",
        "ci-info": "^4.0.0",
        "console-table-printer": "2.11.2",
        "dataloader": "2.2.2",
        "deepmerge": "4.3.1",
        "file-type": "19.3.0",
        "get-tsconfig": "^4.7.2",
        "http-status": "1.6.2",
        "image-size": "^1.1.1",
        "json-schema-to-typescript": "15.0.1",
        "jsonwebtoken": "9.0.2",
        "minimist": "1.2.8",
        "pino": "9.3.1",
        "pino-pretty": "11.2.1",
        "pluralize": "8.0.0",
        "sanitize-filename": "1.6.3",
        "scmp": "2.1.0",
        "ts-essentials": "10.0.2",
        "tsx": "4.19.1",
        "uuid": "10.0.0"
      },
      "bin": {
        "payload": "bin.js"
      },
      "devDependencies": {
        "@hyrious/esbuild-plugin-commonjs": "^0.2.4",
        "@payloadcms/eslint-config": "3.0.0-beta.97",
        "@types/json-schema": "7.0.15",
        "@types/jsonwebtoken": "8.5.9",
        "@types/minimist": "1.2.2",
        "@types/nodemailer": "6.4.14",
        "@types/pluralize": "0.0.33",
        "@types/react-datepicker": "6.2.0",
        "@types/uuid": "10.0.0",
        "copyfiles": "2.4.1",
        "cross-env": "7.0.3",
        "esbuild": "0.23.1",
        "graphql-http": "^1.22.0",
        "rimraf": "3.0.2",
        "sharp": "0.32.6"
      },
      "engines": {
        "node": "^18.20.2 || >=20.9.0"
      },
      "peerDependencies": {
        "graphql": "^16.8.1"
      }
    },
    "../../node_modules/.pnpm/react-dom@19.0.0-rc-06d0b89e-20240801_react@19.0.0-rc-06d0b89e-20240801/node_modules/react-dom": {
      "version": "19.0.0-rc-06d0b89e-20240801",
      "license": "MIT",
      "dependencies": {
        "scheduler": "0.25.0-rc-06d0b89e-20240801"
      },
      "peerDependencies": {
        "react": "19.0.0-rc-06d0b89e-20240801"
      }
    },
    "../../node_modules/.pnpm/react@19.0.0-rc-06d0b89e-20240801/node_modules/react": {
      "version": "19.0.0-rc-06d0b89e-20240801",
      "license": "MIT",
      "engines": {
        "node": ">=0.10.0"
      }
    },
    "../../node_modules/.pnpm/sharp@0.32.6/node_modules/sharp": {
      "version": "0.32.6",
      "hasInstallScript": true,
      "license": "Apache-2.0",
      "dependencies": {
        "color": "^4.2.3",
        "detect-libc": "^2.0.2",
        "node-addon-api": "^6.1.0",
        "prebuild-install": "^7.1.1",
        "semver": "^7.5.4",
        "simple-get": "^4.0.1",
        "tar-fs": "^3.0.4",
        "tunnel-agent": "^0.6.0"
      },
      "devDependencies": {
        "@types/node": "*",
        "async": "^3.2.4",
        "cc": "^3.0.1",
        "exif-reader": "^1.2.0",
        "extract-zip": "^2.0.1",
        "icc": "^3.0.0",
        "jsdoc-to-markdown": "^8.0.0",
        "license-checker": "^25.0.1",
        "mocha": "^10.2.0",
        "mock-fs": "^5.2.0",
        "nyc": "^15.1.0",
        "prebuild": "^12.0.0",
        "semistandard": "^16.0.1",
        "tsd": "^0.29.0"
      },
      "engines": {
        "node": ">=14.15.0"
      },
      "funding": {
        "url": "https://opencollective.com/libvips"
      }
    },
    "../../node_modules/.pnpm/types-react-dom@19.0.0-rc.0/node_modules/types-react-dom": {
      "version": "19.0.0-rc.0",
      "dev": true,
      "dependencies": {
        "@types/react": "*"
      }
    },
    "../../node_modules/.pnpm/types-react@19.0.0-rc.0/node_modules/types-react": {
      "version": "19.0.0-rc.0",
      "dev": true,
      "dependencies": {
        "csstype": "^3.0.2"
      }
    },
    "../../node_modules/.pnpm/typescript@5.5.4/node_modules/typescript": {
      "version": "5.5.4",
      "dev": true,
      "license": "Apache-2.0",
      "bin": {
        "tsc": "bin/tsc",
        "tsserver": "bin/tsserver"
      },
      "devDependencies": {
        "@dprint/formatter": "^0.3.0",
        "@dprint/typescript": "0.91.0",
        "@esfx/canceltoken": "^1.0.0",
        "@octokit/rest": "^20.1.1",
        "@types/chai": "^4.3.16",
        "@types/microsoft__typescript-etw": "^0.1.3",
        "@types/minimist": "^1.2.5",
        "@types/mocha": "^10.0.6",
        "@types/ms": "^0.7.34",
        "@types/node": "latest",
        "@types/source-map-support": "^0.5.10",
        "@types/which": "^3.0.3",
        "@typescript-eslint/eslint-plugin": "^7.11.0",
        "@typescript-eslint/parser": "^7.11.0",
        "@typescript-eslint/utils": "^7.11.0",
        "azure-devops-node-api": "^13.0.0",
        "c8": "^9.1.0",
        "chai": "^4.4.1",
        "chalk": "^4.1.2",
        "chokidar": "^3.6.0",
        "diff": "^5.2.0",
        "dprint": "^0.46.1",
        "esbuild": "^0.21.4",
        "eslint": "^8.57.0",
        "eslint-formatter-autolinkable-stylish": "^1.3.0",
        "eslint-plugin-local": "^4.2.2",
        "fast-xml-parser": "^4.4.0",
        "glob": "^10.4.1",
        "hereby": "^1.8.9",
        "jsonc-parser": "^3.2.1",
        "minimist": "^1.2.8",
        "mocha": "^10.4.0",
        "mocha-fivemat-progress-reporter": "^0.1.0",
        "ms": "^2.1.3",
        "node-fetch": "^3.3.2",
        "playwright": "^1.44.1",
        "source-map-support": "^0.5.21",
        "tslib": "^2.6.2",
        "typescript": "^5.4.5",
        "which": "^3.0.1"
      },
      "engines": {
        "node": ">=14.17"
      }
    },
    "node_modules/@payloadcms/db-mongodb": {
      "resolved": "../../node_modules/.pnpm/@payloadcms+db-mongodb@3.0.0-beta.111_@aws-sdk+client-sso-oidc@3.668.0_@aws-sdk+client-sts@3._zekaslfgu7y55tod6nxlkxjfpq/node_modules/@payloadcms/db-mongodb",
      "link": true
    },
    "node_modules/@payloadcms/db-postgres": {
      "resolved": "../../node_modules/.pnpm/@payloadcms+db-postgres@3.0.0-beta.111_@libsql+client@0.3.6_@opentelemetry+api@1.9.0_@prisma+_5gim6c2joyoqp4a7nwa7xntkx4/node_modules/@payloadcms/db-postgres",
      "link": true
    },
    "node_modules/@payloadcms/graphql": {
      "resolved": "../../node_modules/.pnpm/@payloadcms+graphql@3.0.0-beta.111_graphql@16.9.0_payload@3.0.0-beta.111_graphql@16.9.0_monac_4rwfsr7tphsk6kig6vvtjilpyi/node_modules/@payloadcms/graphql",
      "link": true
    },
    "node_modules/@payloadcms/next": {
      "resolved": "../../node_modules/.pnpm/@payloadcms+next@3.0.0-beta.111_graphql@16.9.0_monaco-editor@0.38.0_next@15.0.0-canary.173_@o_qymezkjl2caufl7il7c5hy3soi/node_modules/@payloadcms/next",
      "link": true
    },
    "node_modules/@payloadcms/richtext-lexical": {
      "resolved": "../../node_modules/.pnpm/@payloadcms+richtext-lexical@3.0.0-beta.111_c6ty6mwum2q2hexycdlkaq5wii/node_modules/@payloadcms/richtext-lexical",
      "link": true
    },
    "node_modules/@payloadcms/richtext-slate": {
      "resolved": "../../node_modules/.pnpm/@payloadcms+richtext-slate@3.0.0-beta.111_monaco-editor@0.38.0_next@15.0.0-canary.173_@opente_ho53ra5xtyq7n4dswpnw2mhchm/node_modules/@payloadcms/richtext-slate",
      "link": true
    },
    "node_modules/@payloadcms/ui": {
      "resolved": "../../node_modules/.pnpm/@payloadcms+ui@3.0.0-beta.111_monaco-editor@0.38.0_next@15.0.0-canary.173_@opentelemetry+api@_fbufdde46pwiggyiwxchlzevdu/node_modules/@payloadcms/ui",
      "link": true
    },
    "node_modules/@types/jsonwebtoken": {
      "version": "9.0.7",
      "resolved": "https://registry.npmjs.org/@types/jsonwebtoken/-/jsonwebtoken-9.0.7.tgz",
      "integrity": "sha512-ugo316mmTYBl2g81zDFnZ7cfxlut3o+/EQdaP7J8QN2kY6lJ22hmQYCK5EHcJHbrW+dkCGSCPgbG8JtYj6qSrg==",
      "dev": true,
      "license": "MIT",
      "dependencies": {
        "@types/node": "*"
      }
    },
    "node_modules/@types/node": {
      "resolved": "../../node_modules/.pnpm/@types+node@20.16.11/node_modules/@types/node",
      "link": true
    },
    "node_modules/@types/react": {
      "resolved": "../../node_modules/.pnpm/types-react@19.0.0-rc.0/node_modules/types-react",
      "link": true
    },
    "node_modules/@types/react-dom": {
      "resolved": "../../node_modules/.pnpm/types-react-dom@19.0.0-rc.0/node_modules/types-react-dom",
      "link": true
    },
    "node_modules/babel-plugin-react-compiler": {
      "resolved": "../../node_modules/.pnpm/babel-plugin-react-compiler@0.0.0-experimental-48eb8f4-20240822/node_modules/babel-plugin-react-compiler",
      "link": true
    },
    "node_modules/cross-env": {
      "resolved": "../../node_modules/.pnpm/cross-env@7.0.3/node_modules/cross-env",
      "link": true
    },
    "node_modules/eslint": {
      "resolved": "../../node_modules/.pnpm/eslint@8.57.1/node_modules/eslint",
      "link": true
    },
    "node_modules/eslint-config-next": {
      "resolved": "../../node_modules/.pnpm/eslint-config-next@15.0.0-canary.104_eslint@8.57.1_typescript@5.5.4/node_modules/eslint-config-next",
      "link": true
    },
    "node_modules/graphql": {
      "resolved": "../../node_modules/.pnpm/graphql@16.9.0/node_modules/graphql",
      "link": true
    },
    "node_modules/jsonwebtoken": {
      "resolved": "../../node_modules/.pnpm/jsonwebtoken@9.0.2/node_modules/jsonwebtoken",
      "link": true
    },
    "node_modules/next": {
      "resolved": "../../node_modules/.pnpm/next@15.0.0-canary.173_@opentelemetry+api@1.9.0_@playwright+test@1.48.0_babel-plugin-react-co_bh422p4qvo6wfuo7teo3txhasu/node_modules/next",
      "link": true
    },
    "node_modules/next-auth": {
      "resolved": "../../node_modules/.pnpm/next-auth@5.0.0-beta.22_next@15.0.0-canary.173_@opentelemetry+api@1.9.0_@playwright+test@1.48_qmttvlqxfiioagt4ucrmpulqwe/node_modules/next-auth",
      "link": true
    },
    "node_modules/payload": {
      "resolved": "../../node_modules/.pnpm/payload@3.0.0-beta.111_graphql@16.9.0_monaco-editor@0.38.0_react-dom@19.0.0-rc-06d0b89e-20240_kylxlztue7gmpa6euqfwqja7jy/node_modules/payload",
      "link": true
    },
    "node_modules/payload-authjs": {
      "resolved": "../../node_modules/.pnpm/payload-authjs@0.3.1_5nxs62gwt6zznzhih3lxuxgrra/node_modules/payload-authjs",
      "link": true
    },
    "node_modules/react": {
      "resolved": "../../node_modules/.pnpm/react@19.0.0-rc-06d0b89e-20240801/node_modules/react",
      "link": true
    },
    "node_modules/react-dom": {
      "resolved": "../../node_modules/.pnpm/react-dom@19.0.0-rc-06d0b89e-20240801_react@19.0.0-rc-06d0b89e-20240801/node_modules/react-dom",
      "link": true
    },
    "node_modules/sharp": {
      "resolved": "../../node_modules/.pnpm/sharp@0.32.6/node_modules/sharp",
      "link": true
    },
    "node_modules/typescript": {
      "resolved": "../../node_modules/.pnpm/typescript@5.5.4/node_modules/typescript",
      "link": true
    },
    "node_modules/@next/swc-darwin-arm64": {
      "version": "15.0.0-canary.173",
      "resolved": "https://registry.npmjs.org/@next/swc-darwin-arm64/-/swc-darwin-arm64-15.0.0-canary.173.tgz",
      "integrity": "sha512-peEFAtJDrSpnVL0VKqmbvBzbgxuOdwT+Y86PGMNkh6zEctodQ0Ka5YBlsu5Tjzkzkbn1xMpIpxurbqnsMwHeOQ==",
      "cpu": [
        "arm64"
      ],
      "optional": true,
      "os": [
        "darwin"
      ],
      "engines": {
        "node": ">= 10"
      }
    },
    "node_modules/@next/swc-darwin-x64": {
      "version": "15.0.0-canary.173",
      "resolved": "https://registry.npmjs.org/@next/swc-darwin-x64/-/swc-darwin-x64-15.0.0-canary.173.tgz",
      "integrity": "sha512-mXrx5JDB8lSSBRrzGOVrvt3155c4B5ctn8hBuWdsHaMpnbwg6zQtSESp2z8pcMyXFAWaJqpYJ+ImH3M0VdYzyw==",
      "cpu": [
        "x64"
      ],
      "optional": true,
      "os": [
        "darwin"
      ],
      "engines": {
        "node": ">= 10"
      }
    },
    "node_modules/@next/swc-linux-arm64-gnu": {
      "version": "15.0.0-canary.173",
      "resolved": "https://registry.npmjs.org/@next/swc-linux-arm64-gnu/-/swc-linux-arm64-gnu-15.0.0-canary.173.tgz",
      "integrity": "sha512-1rUBlXBKPQYe12+bddrD5GHG0sS7KD0aKDUoLAxXJ4iCPThdhOmT8PexJDBOE6D9JL1Lp5L4G01ntbRf360Jgw==",
      "cpu": [
        "arm64"
      ],
      "optional": true,
      "os": [
        "linux"
      ],
      "engines": {
        "node": ">= 10"
      }
    },
    "node_modules/@next/swc-linux-arm64-musl": {
      "version": "15.0.0-canary.173",
      "resolved": "https://registry.npmjs.org/@next/swc-linux-arm64-musl/-/swc-linux-arm64-musl-15.0.0-canary.173.tgz",
      "integrity": "sha512-6LjAq3zrmc8Dz8sao+ZtbjdUe9dkTMpv7MazHy6lAB33+mg9SwYuyvsg/YFRKlS2NetB8Gy1Fd+85YX6wYYiSQ==",
      "cpu": [
        "arm64"
      ],
      "optional": true,
      "os": [
        "linux"
      ],
      "engines": {
        "node": ">= 10"
      }
    },
    "node_modules/@next/swc-linux-x64-gnu": {
      "version": "15.0.0-canary.173",
      "resolved": "https://registry.npmjs.org/@next/swc-linux-x64-gnu/-/swc-linux-x64-gnu-15.0.0-canary.173.tgz",
      "integrity": "sha512-x72YkJvmqH/1PzMyQ2VUnL/Bsbn+aDodr/KNhj42uEhhxUEXOkfJT8k8iwjbN7rhP+Oid7qWmd7w3FPkL9pOvg==",
      "cpu": [
        "x64"
      ],
      "optional": true,
      "os": [
        "linux"
      ],
      "engines": {
        "node": ">= 10"
      }
    },
    "node_modules/@next/swc-linux-x64-musl": {
      "version": "15.0.0-canary.173",
      "resolved": "https://registry.npmjs.org/@next/swc-linux-x64-musl/-/swc-linux-x64-musl-15.0.0-canary.173.tgz",
      "integrity": "sha512-DYOLKH97iTQRVatqJpxgCgUKdkgwtiza2mmLAC3roPSc/vPltwTvGDPtKKKiZ7Rn18VGe4GMb5j1DVUgnAzKMA==",
      "cpu": [
        "x64"
      ],
      "optional": true,
      "os": [
        "linux"
      ],
      "engines": {
        "node": ">= 10"
      }
    },
    "node_modules/@next/swc-win32-arm64-msvc": {
      "version": "15.0.0-canary.173",
      "resolved": "https://registry.npmjs.org/@next/swc-win32-arm64-msvc/-/swc-win32-arm64-msvc-15.0.0-canary.173.tgz",
      "integrity": "sha512-wpOF0WMiiGeTbTvdaS20FhjyQl2qUsawN9oUNx/SKcOtHzjt2kBZiwtZmLNSdu9lSW3LPBpRxMA4EPf9ukjAxw==",
      "cpu": [
        "arm64"
      ],
      "optional": true,
      "os": [
        "win32"
      ],
      "engines": {
        "node": ">= 10"
      }
    },
    "node_modules/@next/swc-win32-ia32-msvc": {
      "version": "15.0.0-canary.173",
      "resolved": "https://registry.npmjs.org/@next/swc-win32-ia32-msvc/-/swc-win32-ia32-msvc-15.0.0-canary.173.tgz",
      "integrity": "sha512-VSOMf/GbBYHkuly/hSGbam5AQfkdgTPZOdcrFalHd03Q1mEL4GCJBRRqu/ejGBHTI1CNsFekEyVBJ0GpZQkFTg==",
      "cpu": [
        "ia32"
      ],
      "optional": true,
      "os": [
        "win32"
      ],
      "engines": {
        "node": ">= 10"
      }
    },
    "node_modules/@next/swc-win32-x64-msvc": {
      "version": "15.0.0-canary.173",
      "resolved": "https://registry.npmjs.org/@next/swc-win32-x64-msvc/-/swc-win32-x64-msvc-15.0.0-canary.173.tgz",
      "integrity": "sha512-JBwVQkiebNPVxk70TCbbxcG/JpIAnd/XKKt0LDeQf51HDdyGfu6MN3OZC3uqm2h1vb1FGDPOX1u9Klf5yek+nA==",
      "cpu": [
        "x64"
      ],
      "optional": true,
      "os": [
        "win32"
      ],
      "engines": {
        "node": ">= 10"
      }
    }
  }
}
